
Microsoft Visual Studio Solution File, Format Version 12.00
Project("{FAE04EC0-301F-11D3-BF4B-00C04F79EFBC}") = "gem", "gem\gem.csproj", "{2889523D-89BC-4F9C-AEE7-7F24C3CEFEAC}"
EndProject
Project("{FAE04EC0-301F-11D3-BF4B-00C04F79EFBC}") = "core", "core\core.csproj", "{0F7D2541-A911-4AC9-8EE9-1F37B25EB68E}"
EndProject
Global
	GlobalSection(SolutionConfigurationPlatforms) = preSolution
		Debug|Any CPU = Debug|Any CPU
		Release|Any CPU = Release|Any CPU
	EndGlobalSection
	GlobalSection(ProjectConfigurationPlatforms) = postSolution
		{2889523D-89BC-4F9C-AEE7-7F24C3CEFEAC}.Debug|Any CPU.ActiveCfg = Debug|Any CPU
		{2889523D-89BC-4F9C-AEE7-7F24C3CEFEAC}.Debug|Any CPU.Build.0 = Debug|Any CPU
		{2889523D-89BC-4F9C-AEE7-7F24C3CEFEAC}.Release|Any CPU.ActiveCfg = Release|Any CPU
		{2889523D-89BC-4F9C-AEE7-7F24C3CEFEAC}.Release|Any CPU.Build.0 = Release|Any CPU
		{0F7D2541-A911-4AC9-8EE9-1F37B25EB68E}.Debug|Any CPU.ActiveCfg = Debug|Any CPU
		{0F7D2541-A911-4AC9-8EE9-1F37B25EB68E}.Debug|Any CPU.Build.0 = Debug|Any CPU
		{0F7D2541-A911-4AC9-8EE9-1F37B25EB68E}.Release|Any CPU.ActiveCfg = Release|Any CPU
		{0F7D2541-A911-4AC9-8EE9-1F37B25EB68E}.Release|Any CPU.Build.0 = Release|Any CPU
	EndGlobalSection
EndGlobal
